
Microsoft Visual Studio Solution File, Format Version 12.00
# Visual Studio Version 17
VisualStudioVersion = 17.2.32630.192
MinimumVisualStudioVersion = 10.0.40219.1
Project("{2150E333-8FDC-42A3-9474-1A3956D46DE8}") = "Services", "Services", "{B66C4AD4-8734-47BA-A0EC-F0B9C5055E5F}"
EndProject
Project("{2150E333-8FDC-42A3-9474-1A3956D46DE8}") = "Catalog", "Catalog", "{74A0A21C-02EC-4219-82A1-FA63E1E55987}"
EndProject
Project("{9A19103F-16F7-4668-BE54-9A1E7A4F7556}") = "Catalog.API", "Services\Catalog\Catalog.API\Catalog.API.csproj", "{6B8882C7-C9A8-43AA-BDF7-C51A418F67C9}"
EndProject
Project("{2150E333-8FDC-42A3-9474-1A3956D46DE8}") = "Solution Items", "Solution Items", "{0FA74E2E-98C3-474A-B11B-BD6E0A0EE97B}"
	ProjectSection(SolutionItems) = preProject
		Ports.txt = Ports.txt
	EndProjectSection
EndProject
Project("{2150E333-8FDC-42A3-9474-1A3956D46DE8}") = "Shared", "Shared", "{7FE7315E-4A3A-4AC5-8C2F-00E5EBE862BF}"
EndProject
Project("{2150E333-8FDC-42A3-9474-1A3956D46DE8}") = "IndentityServer", "IndentityServer", "{BF0A6F32-CF06-4218-A514-6F48212E45C0}"
EndProject
Project("{9A19103F-16F7-4668-BE54-9A1E7A4F7556}") = "IdentityServer", "IdentityServer\IdentityServer.csproj", "{FC51D04F-2B46-482E-9B02-DB3D7F8F484B}"
EndProject
Project("{9A19103F-16F7-4668-BE54-9A1E7A4F7556}") = "Shared", "Shared\Shared.csproj", "{B36D71B1-158C-4A69-BD11-A47BF455E538}"
EndProject
Project("{2150E333-8FDC-42A3-9474-1A3956D46DE8}") = "PhotoStock", "PhotoStock", "{BB34BA58-7E93-4C15-965A-50482EFFF702}"
EndProject
Project("{9A19103F-16F7-4668-BE54-9A1E7A4F7556}") = "PhotoStock.API", "Services\PhotoStock\PhotoStock.Api\PhotoStock.API.csproj", "{5642A2A5-738C-422F-BA5A-EB0CAC8BE0B9}"
EndProject
Project("{2150E333-8FDC-42A3-9474-1A3956D46DE8}") = "Basket", "Basket", "{6CE9B190-57AD-4E2A-AA19-5F7EAA1A5B28}"
EndProject
Project("{9A19103F-16F7-4668-BE54-9A1E7A4F7556}") = "Basket.API", "Services\Basket\Basket.API\Basket.API.csproj", "{9A907BAC-6210-4426-9C34-1D11A99A969A}"
EndProject
Project("{2150E333-8FDC-42A3-9474-1A3956D46DE8}") = "Discount", "Discount", "{52DB8FBE-D11F-45C6-B5E8-D3EA0784DF34}"
EndProject
Project("{9A19103F-16F7-4668-BE54-9A1E7A4F7556}") = "Discount.API", "Services\Discount\Discount.API\Discount.API.csproj", "{E42A90E8-97A9-4CDE-9C8D-3CF73BC37906}"
EndProject
Project("{2150E333-8FDC-42A3-9474-1A3956D46DE8}") = "Order", "Order", "{3A6AE352-3E5C-4767-8281-747015D45BBE}"
EndProject
Project("{9A19103F-16F7-4668-BE54-9A1E7A4F7556}") = "Order.API", "Services\Order\Order.API\Order.API.csproj", "{5072E0B5-16BA-4F24-8F6E-964A683DED1B}"
EndProject
Project("{9A19103F-16F7-4668-BE54-9A1E7A4F7556}") = "Order.Application", "Services\Order\Order.Application\Order.Application.csproj", "{069216C8-24EA-4BAF-860D-155B12A549B4}"
EndProject
Project("{9A19103F-16F7-4668-BE54-9A1E7A4F7556}") = "Order.Domain", "Services\Order\Order.Domain\Order.Domain.csproj", "{21AE2375-A00F-422D-8DDC-69518B877C39}"
EndProject
Project("{9A19103F-16F7-4668-BE54-9A1E7A4F7556}") = "Order.Infrastructure", "Services\Order\Order.Infrastructure\Order.Infrastructure.csproj", "{DFC31B41-20D1-435A-BCCC-9B235682652C}"
EndProject
Project("{9A19103F-16F7-4668-BE54-9A1E7A4F7556}") = "Order.Core", "Services\Order\Order.Core\Order.Core.csproj", "{7AAFBE9B-A651-44BE-9F78-DDD86A8DCB74}"
EndProject
Project("{2150E333-8FDC-42A3-9474-1A3956D46DE8}") = "FakePayment", "FakePayment", "{1C06B4E3-97C0-4BF6-9E39-EDC7E1D38294}"
EndProject
Project("{9A19103F-16F7-4668-BE54-9A1E7A4F7556}") = "FakePayment.API", "Services\FakePayment\FakePayment.API\FakePayment.API.csproj", "{75003D17-CE0E-43EB-A986-88BA6F864DE5}"
EndProject
Project("{2150E333-8FDC-42A3-9474-1A3956D46DE8}") = "Gateways", "Gateways", "{0480871C-F3DB-42C1-BBEF-18DD13DFCB1E}"
EndProject
Project("{9A19103F-16F7-4668-BE54-9A1E7A4F7556}") = "Gateway", "Gateways\Gateway\Gateway.csproj", "{1517F7E8-FE1F-4853-AC0B-14B4287BD78F}"
EndProject
Global
	GlobalSection(SolutionConfigurationPlatforms) = preSolution
		Debug|Any CPU = Debug|Any CPU
		Release|Any CPU = Release|Any CPU
	EndGlobalSection
	GlobalSection(ProjectConfigurationPlatforms) = postSolution
		{6B8882C7-C9A8-43AA-BDF7-C51A418F67C9}.Debug|Any CPU.ActiveCfg = Debug|Any CPU
		{6B8882C7-C9A8-43AA-BDF7-C51A418F67C9}.Debug|Any CPU.Build.0 = Debug|Any CPU
		{6B8882C7-C9A8-43AA-BDF7-C51A418F67C9}.Release|Any CPU.ActiveCfg = Release|Any CPU
		{6B8882C7-C9A8-43AA-BDF7-C51A418F67C9}.Release|Any CPU.Build.0 = Release|Any CPU
		{FC51D04F-2B46-482E-9B02-DB3D7F8F484B}.Debug|Any CPU.ActiveCfg = Debug|Any CPU
		{FC51D04F-2B46-482E-9B02-DB3D7F8F484B}.Debug|Any CPU.Build.0 = Debug|Any CPU
		{FC51D04F-2B46-482E-9B02-DB3D7F8F484B}.Release|Any CPU.ActiveCfg = Release|Any CPU
		{FC51D04F-2B46-482E-9B02-DB3D7F8F484B}.Release|Any CPU.Build.0 = Release|Any CPU
		{B36D71B1-158C-4A69-BD11-A47BF455E538}.Debug|Any CPU.ActiveCfg = Debug|Any CPU
		{B36D71B1-158C-4A69-BD11-A47BF455E538}.Debug|Any CPU.Build.0 = Debug|Any CPU
		{B36D71B1-158C-4A69-BD11-A47BF455E538}.Release|Any CPU.ActiveCfg = Release|Any CPU
		{B36D71B1-158C-4A69-BD11-A47BF455E538}.Release|Any CPU.Build.0 = Release|Any CPU
		{5642A2A5-738C-422F-BA5A-EB0CAC8BE0B9}.Debug|Any CPU.ActiveCfg = Debug|Any CPU
		{5642A2A5-738C-422F-BA5A-EB0CAC8BE0B9}.Debug|Any CPU.Build.0 = Debug|Any CPU
		{5642A2A5-738C-422F-BA5A-EB0CAC8BE0B9}.Release|Any CPU.ActiveCfg = Release|Any CPU
		{5642A2A5-738C-422F-BA5A-EB0CAC8BE0B9}.Release|Any CPU.Build.0 = Release|Any CPU
		{9A907BAC-6210-4426-9C34-1D11A99A969A}.Debug|Any CPU.ActiveCfg = Debug|Any CPU
		{9A907BAC-6210-4426-9C34-1D11A99A969A}.Debug|Any CPU.Build.0 = Debug|Any CPU
		{9A907BAC-6210-4426-9C34-1D11A99A969A}.Release|Any CPU.ActiveCfg = Release|Any CPU
		{9A907BAC-6210-4426-9C34-1D11A99A969A}.Release|Any CPU.Build.0 = Release|Any CPU
		{E42A90E8-97A9-4CDE-9C8D-3CF73BC37906}.Debug|Any CPU.ActiveCfg = Debug|Any CPU
		{E42A90E8-97A9-4CDE-9C8D-3CF73BC37906}.Debug|Any CPU.Build.0 = Debug|Any CPU
		{E42A90E8-97A9-4CDE-9C8D-3CF73BC37906}.Release|Any CPU.ActiveCfg = Release|Any CPU
		{E42A90E8-97A9-4CDE-9C8D-3CF73BC37906}.Release|Any CPU.Build.0 = Release|Any CPU
		{5072E0B5-16BA-4F24-8F6E-964A683DED1B}.Debug|Any CPU.ActiveCfg = Debug|Any CPU
		{5072E0B5-16BA-4F24-8F6E-964A683DED1B}.Debug|Any CPU.Build.0 = Debug|Any CPU
		{5072E0B5-16BA-4F24-8F6E-964A683DED1B}.Release|Any CPU.ActiveCfg = Release|Any CPU
		{5072E0B5-16BA-4F24-8F6E-964A683DED1B}.Release|Any CPU.Build.0 = Release|Any CPU
		{069216C8-24EA-4BAF-860D-155B12A549B4}.Debug|Any CPU.ActiveCfg = Debug|Any CPU
		{069216C8-24EA-4BAF-860D-155B12A549B4}.Debug|Any CPU.Build.0 = Debug|Any CPU
		{069216C8-24EA-4BAF-860D-155B12A549B4}.Release|Any CPU.ActiveCfg = Release|Any CPU
		{069216C8-24EA-4BAF-860D-155B12A549B4}.Release|Any CPU.Build.0 = Release|Any CPU
		{21AE2375-A00F-422D-8DDC-69518B877C39}.Debug|Any CPU.ActiveCfg = Debug|Any CPU
		{21AE2375-A00F-422D-8DDC-69518B877C39}.Debug|Any CPU.Build.0 = Debug|Any CPU
		{21AE2375-A00F-422D-8DDC-69518B877C39}.Release|Any CPU.ActiveCfg = Release|Any CPU
		{21AE2375-A00F-422D-8DDC-69518B877C39}.Release|Any CPU.Build.0 = Release|Any CPU
		{DFC31B41-20D1-435A-BCCC-9B235682652C}.Debug|Any CPU.ActiveCfg = Debug|Any CPU
		{DFC31B41-20D1-435A-BCCC-9B235682652C}.Debug|Any CPU.Build.0 = Debug|Any CPU
		{DFC31B41-20D1-435A-BCCC-9B235682652C}.Release|Any CPU.ActiveCfg = Release|Any CPU
		{DFC31B41-20D1-435A-BCCC-9B235682652C}.Release|Any CPU.Build.0 = Release|Any CPU
		{7AAFBE9B-A651-44BE-9F78-DDD86A8DCB74}.Debug|Any CPU.ActiveCfg = Debug|Any CPU
		{7AAFBE9B-A651-44BE-9F78-DDD86A8DCB74}.Debug|Any CPU.Build.0 = Debug|Any CPU
		{7AAFBE9B-A651-44BE-9F78-DDD86A8DCB74}.Release|Any CPU.ActiveCfg = Release|Any CPU
		{7AAFBE9B-A651-44BE-9F78-DDD86A8DCB74}.Release|Any CPU.Build.0 = Release|Any CPU
		{75003D17-CE0E-43EB-A986-88BA6F864DE5}.Debug|Any CPU.ActiveCfg = Debug|Any CPU
		{75003D17-CE0E-43EB-A986-88BA6F864DE5}.Debug|Any CPU.Build.0 = Debug|Any CPU
		{75003D17-CE0E-43EB-A986-88BA6F864DE5}.Release|Any CPU.ActiveCfg = Release|Any CPU
		{75003D17-CE0E-43EB-A986-88BA6F864DE5}.Release|Any CPU.Build.0 = Release|Any CPU
		{1517F7E8-FE1F-4853-AC0B-14B4287BD78F}.Debug|Any CPU.ActiveCfg = Debug|Any CPU
		{1517F7E8-FE1F-4853-AC0B-14B4287BD78F}.Debug|Any CPU.Build.0 = Debug|Any CPU
		{1517F7E8-FE1F-4853-AC0B-14B4287BD78F}.Release|Any CPU.ActiveCfg = Release|Any CPU
		{1517F7E8-FE1F-4853-AC0B-14B4287BD78F}.Release|Any CPU.Build.0 = Release|Any CPU
	EndGlobalSection
	GlobalSection(SolutionProperties) = preSolution
		HideSolutionNode = FALSE
	EndGlobalSection
	GlobalSection(NestedProjects) = preSolution
		{74A0A21C-02EC-4219-82A1-FA63E1E55987} = {B66C4AD4-8734-47BA-A0EC-F0B9C5055E5F}
		{6B8882C7-C9A8-43AA-BDF7-C51A418F67C9} = {74A0A21C-02EC-4219-82A1-FA63E1E55987}
		{FC51D04F-2B46-482E-9B02-DB3D7F8F484B} = {BF0A6F32-CF06-4218-A514-6F48212E45C0}
		{B36D71B1-158C-4A69-BD11-A47BF455E538} = {7FE7315E-4A3A-4AC5-8C2F-00E5EBE862BF}
		{BB34BA58-7E93-4C15-965A-50482EFFF702} = {B66C4AD4-8734-47BA-A0EC-F0B9C5055E5F}
		{5642A2A5-738C-422F-BA5A-EB0CAC8BE0B9} = {BB34BA58-7E93-4C15-965A-50482EFFF702}
		{6CE9B190-57AD-4E2A-AA19-5F7EAA1A5B28} = {B66C4AD4-8734-47BA-A0EC-F0B9C5055E5F}
		{9A907BAC-6210-4426-9C34-1D11A99A969A} = {6CE9B190-57AD-4E2A-AA19-5F7EAA1A5B28}
		{52DB8FBE-D11F-45C6-B5E8-D3EA0784DF34} = {B66C4AD4-8734-47BA-A0EC-F0B9C5055E5F}
		{E42A90E8-97A9-4CDE-9C8D-3CF73BC37906} = {52DB8FBE-D11F-45C6-B5E8-D3EA0784DF34}
		{3A6AE352-3E5C-4767-8281-747015D45BBE} = {B66C4AD4-8734-47BA-A0EC-F0B9C5055E5F}
		{5072E0B5-16BA-4F24-8F6E-964A683DED1B} = {3A6AE352-3E5C-4767-8281-747015D45BBE}
		{069216C8-24EA-4BAF-860D-155B12A549B4} = {3A6AE352-3E5C-4767-8281-747015D45BBE}
		{21AE2375-A00F-422D-8DDC-69518B877C39} = {3A6AE352-3E5C-4767-8281-747015D45BBE}
		{DFC31B41-20D1-435A-BCCC-9B235682652C} = {3A6AE352-3E5C-4767-8281-747015D45BBE}
		{7AAFBE9B-A651-44BE-9F78-DDD86A8DCB74} = {3A6AE352-3E5C-4767-8281-747015D45BBE}
		{1C06B4E3-97C0-4BF6-9E39-EDC7E1D38294} = {B66C4AD4-8734-47BA-A0EC-F0B9C5055E5F}
		{75003D17-CE0E-43EB-A986-88BA6F864DE5} = {1C06B4E3-97C0-4BF6-9E39-EDC7E1D38294}
		{1517F7E8-FE1F-4853-AC0B-14B4287BD78F} = {0480871C-F3DB-42C1-BBEF-18DD13DFCB1E}
	EndGlobalSection
	GlobalSection(ExtensibilityGlobals) = postSolution
		SolutionGuid = {14FECFAC-7C1C-4ADE-8150-C5D6575094BC}
	EndGlobalSection
EndGlobal
